
Microsoft Visual Studio Solution File, Format Version 12.00
# Visual Studio 15
VisualStudioVersion = 15.0.28307.572
MinimumVisualStudioVersion = 10.0.40219.1
Project("{FAE04EC0-301F-11D3-BF4B-00C04F79EFBC}") = "ControlCuotas", "ControlCuotas\ControlCuotas.csproj", "{C1305F1F-56C0-46E3-BF22-5D5EA59C218B}"
EndProject
Global
	GlobalSection(SolutionConfigurationPlatforms) = preSolution
		Debug|Any CPU = Debug|Any CPU
		Release|Any CPU = Release|Any CPU
	EndGlobalSection
	GlobalSection(ProjectConfigurationPlatforms) = postSolution
		{C1305F1F-56C0-46E3-BF22-5D5EA59C218B}.Debug|Any CPU.ActiveCfg = Debug|Any CPU
		{C1305F1F-56C0-46E3-BF22-5D5EA59C218B}.Debug|Any CPU.Build.0 = Debug|Any CPU
		{C1305F1F-56C0-46E3-BF22-5D5EA59C218B}.Release|Any CPU.ActiveCfg = Release|Any CPU
		{C1305F1F-56C0-46E3-BF22-5D5EA59C218B}.Release|Any CPU.Build.0 = Release|Any CPU
	EndGlobalSection
	GlobalSection(SolutionProperties) = preSolution
		HideSolutionNode = FALSE
	EndGlobalSection
	GlobalSection(ExtensibilityGlobals) = postSolution
		SolutionGuid = {7C2B7571-1313-4136-81A0-CF3418C82BEC}
	EndGlobalSection
EndGlobal
